
Microsoft Visual Studio Solution File, Format Version 12.00
# Visual Studio 15
VisualStudioVersion = 15.0.28010.2041
MinimumVisualStudioVersion = 10.0.40219.1
Project("{9A19103F-16F7-4668-BE54-9A1E7A4F7556}") = "ConvertingToBinOctHex", "ConvertingToBinOctHex\ConvertingToBinOctHex.csproj", "{71E0DC4D-7548-41CA-9A33-D445FB5E85AF}"
EndProject
Project("{9A19103F-16F7-4668-BE54-9A1E7A4F7556}") = "NumberShortening", "NumberShortening\NumberShortening.csproj", "{5340D364-8954-436E-96BF-33775C856D61}"
EndProject
Project("{9A19103F-16F7-4668-BE54-9A1E7A4F7556}") = "CountingFromLeftToRightViceVersa", "CountingFromLeftToRightViceVersa\CountingFromLeftToRightViceVersa.csproj", "{C73D3630-2A91-4558-8460-12F20D0A812E}"
EndProject
Project("{FAE04EC0-301F-11D3-BF4B-00C04F79EFBC}") = "SortingAndComparingCityNames", "SortingAndComparingCityNames\SortingAndComparingCityNames.csproj", "{B6020CBF-6D50-4287-AB5A-32D816819D73}"
EndProject
Project("{FAE04EC0-301F-11D3-BF4B-00C04F79EFBC}") = "SolvingAMathProblem", "SolvingAMathProblem\SolvingAMathProblem.csproj", "{E619BA3B-724C-4243-9283-134054F522E8}"
EndProject
Project("{FAE04EC0-301F-11D3-BF4B-00C04F79EFBC}") = "SumOfNumbers", "SumOfNumbers\SumOfNumbers.csproj", "{FC25C005-0B17-4EEC-B565-630B6E6288C5}"
EndProject
Global
	GlobalSection(SolutionConfigurationPlatforms) = preSolution
		Debug|Any CPU = Debug|Any CPU
		Release|Any CPU = Release|Any CPU
	EndGlobalSection
	GlobalSection(ProjectConfigurationPlatforms) = postSolution
		{71E0DC4D-7548-41CA-9A33-D445FB5E85AF}.Debug|Any CPU.ActiveCfg = Debug|Any CPU
		{71E0DC4D-7548-41CA-9A33-D445FB5E85AF}.Debug|Any CPU.Build.0 = Debug|Any CPU
		{71E0DC4D-7548-41CA-9A33-D445FB5E85AF}.Release|Any CPU.ActiveCfg = Release|Any CPU
		{71E0DC4D-7548-41CA-9A33-D445FB5E85AF}.Release|Any CPU.Build.0 = Release|Any CPU
		{5340D364-8954-436E-96BF-33775C856D61}.Debug|Any CPU.ActiveCfg = Debug|Any CPU
		{5340D364-8954-436E-96BF-33775C856D61}.Debug|Any CPU.Build.0 = Debug|Any CPU
		{5340D364-8954-436E-96BF-33775C856D61}.Release|Any CPU.ActiveCfg = Release|Any CPU
		{5340D364-8954-436E-96BF-33775C856D61}.Release|Any CPU.Build.0 = Release|Any CPU
		{C73D3630-2A91-4558-8460-12F20D0A812E}.Debug|Any CPU.ActiveCfg = Debug|Any CPU
		{C73D3630-2A91-4558-8460-12F20D0A812E}.Debug|Any CPU.Build.0 = Debug|Any CPU
		{C73D3630-2A91-4558-8460-12F20D0A812E}.Release|Any CPU.ActiveCfg = Release|Any CPU
		{C73D3630-2A91-4558-8460-12F20D0A812E}.Release|Any CPU.Build.0 = Release|Any CPU
		{B6020CBF-6D50-4287-AB5A-32D816819D73}.Debug|Any CPU.ActiveCfg = Debug|Any CPU
		{B6020CBF-6D50-4287-AB5A-32D816819D73}.Debug|Any CPU.Build.0 = Debug|Any CPU
		{B6020CBF-6D50-4287-AB5A-32D816819D73}.Release|Any CPU.ActiveCfg = Release|Any CPU
		{B6020CBF-6D50-4287-AB5A-32D816819D73}.Release|Any CPU.Build.0 = Release|Any CPU
		{E619BA3B-724C-4243-9283-134054F522E8}.Debug|Any CPU.ActiveCfg = Debug|Any CPU
		{E619BA3B-724C-4243-9283-134054F522E8}.Debug|Any CPU.Build.0 = Debug|Any CPU
		{E619BA3B-724C-4243-9283-134054F522E8}.Release|Any CPU.ActiveCfg = Release|Any CPU
		{E619BA3B-724C-4243-9283-134054F522E8}.Release|Any CPU.Build.0 = Release|Any CPU
		{FC25C005-0B17-4EEC-B565-630B6E6288C5}.Debug|Any CPU.ActiveCfg = Debug|Any CPU
		{FC25C005-0B17-4EEC-B565-630B6E6288C5}.Debug|Any CPU.Build.0 = Debug|Any CPU
		{FC25C005-0B17-4EEC-B565-630B6E6288C5}.Release|Any CPU.ActiveCfg = Release|Any CPU
		{FC25C005-0B17-4EEC-B565-630B6E6288C5}.Release|Any CPU.Build.0 = Release|Any CPU
	EndGlobalSection
	GlobalSection(SolutionProperties) = preSolution
		HideSolutionNode = FALSE
	EndGlobalSection
	GlobalSection(ExtensibilityGlobals) = postSolution
		SolutionGuid = {2F24269A-68E4-4A3B-AF0B-5E9241F6CB87}
	EndGlobalSection
EndGlobal
