
Microsoft Visual Studio Solution File, Format Version 12.00
# Visual Studio 15
VisualStudioVersion = 15.0.28010.2041
MinimumVisualStudioVersion = 10.0.40219.1
Project("{FAE04EC0-301F-11D3-BF4B-00C04F79EFBC}") = "ConvertingToBinOctHex", "ConvertingToBinOctHex\ConvertingToBinOctHex.csproj", "{71E0DC4D-7548-41CA-9A33-D445FB5E85AF}"
EndProject
Project("{FAE04EC0-301F-11D3-BF4B-00C04F79EFBC}") = "NumberShortening", "NumberShortening\NumberShortening.csproj", "{5340D364-8954-436E-96BF-33775C856D61}"
EndProject
Project("{FAE04EC0-301F-11D3-BF4B-00C04F79EFBC}") = "CountingFromLeftToRightViceVersa", "CountingFromLeftToRightViceVersa\CountingFromLeftToRightViceVersa.csproj", "{C73D3630-2A91-4558-8460-12F20D0A812E}"
EndProject
Global
	GlobalSection(SolutionConfigurationPlatforms) = preSolution
		Debug|Any CPU = Debug|Any CPU
		Release|Any CPU = Release|Any CPU
	EndGlobalSection
	GlobalSection(ProjectConfigurationPlatforms) = postSolution
		{71E0DC4D-7548-41CA-9A33-D445FB5E85AF}.Debug|Any CPU.ActiveCfg = Debug|Any CPU
		{71E0DC4D-7548-41CA-9A33-D445FB5E85AF}.Debug|Any CPU.Build.0 = Debug|Any CPU
		{71E0DC4D-7548-41CA-9A33-D445FB5E85AF}.Release|Any CPU.ActiveCfg = Release|Any CPU
		{71E0DC4D-7548-41CA-9A33-D445FB5E85AF}.Release|Any CPU.Build.0 = Release|Any CPU
		{5340D364-8954-436E-96BF-33775C856D61}.Debug|Any CPU.ActiveCfg = Debug|Any CPU
		{5340D364-8954-436E-96BF-33775C856D61}.Debug|Any CPU.Build.0 = Debug|Any CPU
		{5340D364-8954-436E-96BF-33775C856D61}.Release|Any CPU.ActiveCfg = Release|Any CPU
		{5340D364-8954-436E-96BF-33775C856D61}.Release|Any CPU.Build.0 = Release|Any CPU
		{C73D3630-2A91-4558-8460-12F20D0A812E}.Debug|Any CPU.ActiveCfg = Debug|Any CPU
		{C73D3630-2A91-4558-8460-12F20D0A812E}.Debug|Any CPU.Build.0 = Debug|Any CPU
		{C73D3630-2A91-4558-8460-12F20D0A812E}.Release|Any CPU.ActiveCfg = Release|Any CPU
		{C73D3630-2A91-4558-8460-12F20D0A812E}.Release|Any CPU.Build.0 = Release|Any CPU
	EndGlobalSection
	GlobalSection(SolutionProperties) = preSolution
		HideSolutionNode = FALSE
	EndGlobalSection
	GlobalSection(ExtensibilityGlobals) = postSolution
		SolutionGuid = {2F24269A-68E4-4A3B-AF0B-5E9241F6CB87}
	EndGlobalSection
EndGlobal
